
Microsoft Visual Studio Solution File, Format Version 12.00
# Visual Studio Version 17
VisualStudioVersion = 17.9.34413.136
MinimumVisualStudioVersion = 10.0.40219.1
Project("{FAE04EC0-301F-11D3-BF4B-00C04F79EFBC}") = "Anc80_Razor_Ind.sln", "Anc80_Razor_Ind.sln\Anc80_Razor_Ind.sln.csproj", "{6750F39D-F676-49D9-81BD-954A5783231B}"
EndProject
Global
	GlobalSection(SolutionConfigurationPlatforms) = preSolution
		Debug|Any CPU = Debug|Any CPU
		Release|Any CPU = Release|Any CPU
	EndGlobalSection
	GlobalSection(ProjectConfigurationPlatforms) = postSolution
		{6750F39D-F676-49D9-81BD-954A5783231B}.Debug|Any CPU.ActiveCfg = Debug|Any CPU
		{6750F39D-F676-49D9-81BD-954A5783231B}.Debug|Any CPU.Build.0 = Debug|Any CPU
		{6750F39D-F676-49D9-81BD-954A5783231B}.Release|Any CPU.ActiveCfg = Release|Any CPU
		{6750F39D-F676-49D9-81BD-954A5783231B}.Release|Any CPU.Build.0 = Release|Any CPU
	EndGlobalSection
	GlobalSection(SolutionProperties) = preSolution
		HideSolutionNode = FALSE
	EndGlobalSection
	GlobalSection(ExtensibilityGlobals) = postSolution
		SolutionGuid = {AE5A13D9-C213-4D46-8A29-87A5735FEA5A}
	EndGlobalSection
EndGlobal
